{
  "version": 4,
  "terraform_version": "1.3.7",
  "serial": 9,
  "lineage": "e51ab6b6-e3d7-a9a8-e1d6-9f37500c11bb",
  "outputs": {},
  "resources": [
    {
      "mode": "managed",
      "type": "azurerm_postgresql_server",
      "name": "default",
      "provider": "provider[\"registry.terraform.io/hashicorp/azurerm\"]",
      "instances": [
        {
          "schema_version": 1,
          "attributes": {
            "administrator_login": "psqladmin",
            "administrator_login_password": "H@Sh1CoR3!",
            "auto_grow_enabled": true,
            "backup_retention_days": 7,
            "create_mode": "Default",
            "creation_source_server_id": null,
            "fqdn": "postgresql-server-stg.postgres.database.azure.com",
            "geo_redundant_backup_enabled": false,
            "id": "/subscriptions/6ec0eaf1-745d-4c97-8b17-fa54db3480b9/resourceGroups/rg-bancos-iac-sql-stg/providers/Microsoft.DBforPostgreSQL/servers/postgresql-server-stg",
            "identity": [],
            "infrastructure_encryption_enabled": false,
            "location": "eastus",
            "name": "postgresql-server-stg",
            "public_network_access_enabled": true,
            "resource_group_name": "rg-bancos-iac-sql-stg",
            "restore_point_in_time": null,
            "sku_name": "B_Gen5_1",
            "ssl_enforcement_enabled": true,
            "ssl_minimal_tls_version_enforced": "TLS1_2",
            "storage_mb": 5120,
            "tags": {
              "env": "stg",
              "projeto": "sql-banco-iac"
            },
            "threat_detection_policy": [],
            "timeouts": null,
            "version": "9.5"
          },
          "sensitive_attributes": [],
          "private": "eyJlMmJmYjczMC1lY2FhLTExZTYtOGY4OC0zNDM2M2JjN2M0YzAiOnsiY3JlYXRlIjozNjAwMDAwMDAwMDAwLCJkZWxldGUiOjM2MDAwMDAwMDAwMDAsInJlYWQiOjMwMDAwMDAwMDAwMCwidXBkYXRlIjozNjAwMDAwMDAwMDAwfSwic2NoZW1hX3ZlcnNpb24iOiIxIn0=",
          "dependencies": [
            "azurerm_resource_group.default"
          ]
        }
      ]
    },
    {
      "mode": "managed",
      "type": "azurerm_resource_group",
      "name": "default",
      "provider": "provider[\"registry.terraform.io/hashicorp/azurerm\"]",
      "instances": [
        {
          "schema_version": 0,
          "attributes": {
            "id": "/subscriptions/6ec0eaf1-745d-4c97-8b17-fa54db3480b9/resourceGroups/rg-bancos-iac-sql-stg",
            "location": "eastus",
            "name": "rg-bancos-iac-sql-stg",
            "tags": {
              "env": "stg",
              "project": "bancos-de-dados-sql"
            },
            "timeouts": null
          },
          "sensitive_attributes": [],
          "private": "eyJlMmJmYjczMC1lY2FhLTExZTYtOGY4OC0zNDM2M2JjN2M0YzAiOnsiY3JlYXRlIjo1NDAwMDAwMDAwMDAwLCJkZWxldGUiOjU0MDAwMDAwMDAwMDAsInJlYWQiOjMwMDAwMDAwMDAwMCwidXBkYXRlIjo1NDAwMDAwMDAwMDAwfX0="
        }
      ]
    },
    {
      "mode": "managed",
      "type": "azurerm_virtual_network",
      "name": "default",
      "provider": "provider[\"registry.terraform.io/hashicorp/azurerm\"]",
      "instances": [
        {
          "schema_version": 0,
          "attributes": {
            "address_space": [
              "10.0.0.0/16"
            ],
            "bgp_community": "",
            "ddos_protection_plan": [],
            "dns_servers": [],
            "edge_zone": "",
            "flow_timeout_in_minutes": 0,
            "guid": "be40dbfd-c01f-4c96-a2d5-c20e6147453e",
            "id": "/subscriptions/6ec0eaf1-745d-4c97-8b17-fa54db3480b9/resourceGroups/rg-bancos-iac-sql-stg/providers/Microsoft.Network/virtualNetworks/network-intenal",
            "location": "eastus",
            "name": "network-intenal",
            "resource_group_name": "rg-bancos-iac-sql-stg",
            "subnet": [
              {
                "address_prefix": "10.0.1.0/24",
                "id": "/subscriptions/6ec0eaf1-745d-4c97-8b17-fa54db3480b9/resourceGroups/rg-bancos-iac-sql-stg/providers/Microsoft.Network/virtualNetworks/network-intenal/subnets/subnet1",
                "name": "subnet1",
                "security_group": ""
              },
              {
                "address_prefix": "10.0.2.0/24",
                "id": "/subscriptions/6ec0eaf1-745d-4c97-8b17-fa54db3480b9/resourceGroups/rg-bancos-iac-sql-stg/providers/Microsoft.Network/virtualNetworks/network-intenal/subnets/subnet2",
                "name": "subnet2",
                "security_group": ""
              }
            ],
            "tags": {
              "env": "stg",
              "project": "banco-de-dados-sql"
            },
            "timeouts": null
          },
          "sensitive_attributes": [],
          "private": "eyJlMmJmYjczMC1lY2FhLTExZTYtOGY4OC0zNDM2M2JjN2M0YzAiOnsiY3JlYXRlIjoxODAwMDAwMDAwMDAwLCJkZWxldGUiOjE4MDAwMDAwMDAwMDAsInJlYWQiOjMwMDAwMDAwMDAwMCwidXBkYXRlIjoxODAwMDAwMDAwMDAwfX0=",
          "dependencies": [
            "azurerm_resource_group.default"
          ]
        }
      ]
    }
  ],
  "check_results": null
}
